Microsoft Visual Studio Solution File, Format Version 12.00
# Visual Studio Version 17
VisualStudioVersion = 17.5.2.0
MinimumVisualStudioVersion = 10.0.40219.1
Project("{FAE04EC0-301F-11D3-BF4B-00C04F79EFBC}") = "calc-cli", "calc-cli.csproj", "{276A5DB1-1B8A-38B8-8455-49B21197F757}"
EndProject
Global
	GlobalSection(SolutionConfigurationPlatforms) = preSolution
		Debug|Any CPU = Debug|Any CPU
		Release|Any CPU = Release|Any CPU
	EndGlobalSection
	GlobalSection(ProjectConfigurationPlatforms) = postSolution
		{276A5DB1-1B8A-38B8-8455-49B21197F757}.Debug|Any CPU.ActiveCfg = Debug|Any CPU
		{276A5DB1-1B8A-38B8-8455-49B21197F757}.Debug|Any CPU.Build.0 = Debug|Any CPU
		{276A5DB1-1B8A-38B8-8455-49B21197F757}.Release|Any CPU.ActiveCfg = Release|Any CPU
		{276A5DB1-1B8A-38B8-8455-49B21197F757}.Release|Any CPU.Build.0 = Release|Any CPU
	EndGlobalSection
	GlobalSection(SolutionProperties) = preSolution
		HideSolutionNode = FALSE
	EndGlobalSection
	GlobalSection(ExtensibilityGlobals) = postSolution
		SolutionGuid = {73732C78-C078-4C84-A343-33ED6F6B5E00}
	EndGlobalSection
EndGlobal
