Microsoft Visual Studio Solution File, Format Version 12.00
# Visual Studio Version 17
VisualStudioVersion = 17.5.2.0
MinimumVisualStudioVersion = 10.0.40219.1
Project("{FAE04EC0-301F-11D3-BF4B-00C04F79EFBC}") = "TopLevelDemo", "TopLevelDemo.csproj", "{B05DEBE1-606C-E56C-4FD5-BCB318409238}"
EndProject
Global
	GlobalSection(SolutionConfigurationPlatforms) = preSolution
		Debug|Any CPU = Debug|Any CPU
		Release|Any CPU = Release|Any CPU
	EndGlobalSection
	GlobalSection(ProjectConfigurationPlatforms) = postSolution
		{B05DEBE1-606C-E56C-4FD5-BCB318409238}.Debug|Any CPU.ActiveCfg = Debug|Any CPU
		{B05DEBE1-606C-E56C-4FD5-BCB318409238}.Debug|Any CPU.Build.0 = Debug|Any CPU
		{B05DEBE1-606C-E56C-4FD5-BCB318409238}.Release|Any CPU.ActiveCfg = Release|Any CPU
		{B05DEBE1-606C-E56C-4FD5-BCB318409238}.Release|Any CPU.Build.0 = Release|Any CPU
	EndGlobalSection
	GlobalSection(SolutionProperties) = preSolution
		HideSolutionNode = FALSE
	EndGlobalSection
	GlobalSection(ExtensibilityGlobals) = postSolution
		SolutionGuid = {81BA098B-087F-456C-9C7F-FB3D6C8F5CA4}
	EndGlobalSection
EndGlobal
